
Microsoft Visual Studio Solution File, Format Version 12.00
# Visual Studio 15
VisualStudioVersion = 15.0.26730.15
MinimumVisualStudioVersion = 10.0.40219.1
Project("{FAE04EC0-301F-11D3-BF4B-00C04F79EFBC}") = "Lab03", "Lab03\Lab03.csproj", "{1E807C3C-07D2-4252-8F8D-2F8D2B592BBF}"
EndProject
Global
	GlobalSection(SolutionConfigurationPlatforms) = preSolution
		Debug|Any CPU = Debug|Any CPU
		Release|Any CPU = Release|Any CPU
	EndGlobalSection
	GlobalSection(ProjectConfigurationPlatforms) = postSolution
		{1E807C3C-07D2-4252-8F8D-2F8D2B592BBF}.Debug|Any CPU.ActiveCfg = Debug|Any CPU
		{1E807C3C-07D2-4252-8F8D-2F8D2B592BBF}.Debug|Any CPU.Build.0 = Debug|Any CPU
		{1E807C3C-07D2-4252-8F8D-2F8D2B592BBF}.Release|Any CPU.ActiveCfg = Release|Any CPU
		{1E807C3C-07D2-4252-8F8D-2F8D2B592BBF}.Release|Any CPU.Build.0 = Release|Any CPU
	EndGlobalSection
	GlobalSection(SolutionProperties) = preSolution
		HideSolutionNode = FALSE
	EndGlobalSection
	GlobalSection(ExtensibilityGlobals) = postSolution
		SolutionGuid = {647CC86A-B14A-478F-95AE-379D9B7817B2}
	EndGlobalSection
EndGlobal
